
Microsoft Visual Studio Solution File, Format Version 12.00
# Visual Studio Version 17
VisualStudioVersion = 17.0.32014.148
MinimumVisualStudioVersion = 10.0.40219.1
Project("{FAE04EC0-301F-11D3-BF4B-00C04F79EFBC}") = "ProjetoFinal01", "ProjetoFinal01\ProjetoFinal01.csproj", "{1C4048EE-14D6-4D27-BC74-9DD0E10CDAEB}"
EndProject
Global
	GlobalSection(SolutionConfigurationPlatforms) = preSolution
		Debug|Any CPU = Debug|Any CPU
		Release|Any CPU = Release|Any CPU
	EndGlobalSection
	GlobalSection(ProjectConfigurationPlatforms) = postSolution
		{1C4048EE-14D6-4D27-BC74-9DD0E10CDAEB}.Debug|Any CPU.ActiveCfg = Debug|Any CPU
		{1C4048EE-14D6-4D27-BC74-9DD0E10CDAEB}.Debug|Any CPU.Build.0 = Debug|Any CPU
		{1C4048EE-14D6-4D27-BC74-9DD0E10CDAEB}.Release|Any CPU.ActiveCfg = Release|Any CPU
		{1C4048EE-14D6-4D27-BC74-9DD0E10CDAEB}.Release|Any CPU.Build.0 = Release|Any CPU
	EndGlobalSection
	GlobalSection(SolutionProperties) = preSolution
		HideSolutionNode = FALSE
	EndGlobalSection
	GlobalSection(ExtensibilityGlobals) = postSolution
		SolutionGuid = {1ECE1EF1-012E-4E67-8D55-5581EC1B448B}
	EndGlobalSection
EndGlobal
